
Microsoft Visual Studio Solution File, Format Version 12.00
# Visual Studio Version 17
VisualStudioVersion = 17.3.32901.215
MinimumVisualStudioVersion = 10.0.40219.1
Project("{9A19103F-16F7-4668-BE54-9A1E7A4F7556}") = "SMSApp", "SMSApp\SMSApp.csproj", "{F20F5998-945C-42C2-8848-6F48EC6D5635}"
EndProject
Project("{FAE04EC0-301F-11D3-BF4B-00C04F79EFBC}") = "BusinessLayer", "BusinessLayer\BusinessLayer.csproj", "{D9849408-D465-44A8-B8F5-9488A9BD5878}"
EndProject
Global
	GlobalSection(SolutionConfigurationPlatforms) = preSolution
		Debug|Any CPU = Debug|Any CPU
		Release|Any CPU = Release|Any CPU
	EndGlobalSection
	GlobalSection(ProjectConfigurationPlatforms) = postSolution
		{F20F5998-945C-42C2-8848-6F48EC6D5635}.Debug|Any CPU.ActiveCfg = Debug|Any CPU
		{F20F5998-945C-42C2-8848-6F48EC6D5635}.Debug|Any CPU.Build.0 = Debug|Any CPU
		{F20F5998-945C-42C2-8848-6F48EC6D5635}.Release|Any CPU.ActiveCfg = Release|Any CPU
		{F20F5998-945C-42C2-8848-6F48EC6D5635}.Release|Any CPU.Build.0 = Release|Any CPU
		{D9849408-D465-44A8-B8F5-9488A9BD5878}.Debug|Any CPU.ActiveCfg = Debug|Any CPU
		{D9849408-D465-44A8-B8F5-9488A9BD5878}.Debug|Any CPU.Build.0 = Debug|Any CPU
		{D9849408-D465-44A8-B8F5-9488A9BD5878}.Release|Any CPU.ActiveCfg = Release|Any CPU
		{D9849408-D465-44A8-B8F5-9488A9BD5878}.Release|Any CPU.Build.0 = Release|Any CPU
	EndGlobalSection
	GlobalSection(SolutionProperties) = preSolution
		HideSolutionNode = FALSE
	EndGlobalSection
	GlobalSection(ExtensibilityGlobals) = postSolution
		SolutionGuid = {719122AD-7826-4524-8F00-B657045E5006}
	EndGlobalSection
EndGlobal
